{
  "requires": true,
  "lockfileVersion": 1,
  "dependencies": {
    "@vue/composition-api": {
      "version": "1.7.1",
      "resolved": "https://registry.npmjs.org/@vue/composition-api/-/composition-api-1.7.1.tgz",
      "integrity": "sha512-xDWoEtxGXhH9Ku3ROYX/rzhcpt4v31hpPU5zF3UeVC/qxA3dChmqU8zvTUYoKh3j7rzpNsoFOwqsWG7XPMlaFA=="
    }
  }
}
